
Microsoft Visual Studio Solution File, Format Version 12.00
# Visual Studio Express 2012 for Windows Desktop
Project("{FAE04EC0-301F-11D3-BF4B-00C04F79EFBC}") = "WpfTest", "WpfTest\WpfTest.csproj", "{2AD7838A-0C8B-4F70-8302-4590728C8523}"
EndProject
Project("{FAE04EC0-301F-11D3-BF4B-00C04F79EFBC}") = "NIDaqInterface", "NIDAQInterface\NIDaqInterface.csproj", "{E9E59F58-F2B7-43BE-A80C-30135FED1240}"
EndProject
Project("{FAE04EC0-301F-11D3-BF4B-00C04F79EFBC}") = "NIDAQ_Control_Host", "NIDAQ_Control_Host\NIDAQ_Control_Host.csproj", "{2E7243EF-562B-4FD6-B8D8-4005E0B9D433}"
EndProject
Project("{FAE04EC0-301F-11D3-BF4B-00C04F79EFBC}") = "NIDaqInterfaceDummy", "NIDaqInterfaceDummy\NIDaqInterfaceDummy.csproj", "{A87C54E7-143A-4162-94A3-82525DA08D2D}"
EndProject
Global
	GlobalSection(SolutionConfigurationPlatforms) = preSolution
		Debug|Any CPU = Debug|Any CPU
		Debug|x86 = Debug|x86
		Release|Any CPU = Release|Any CPU
		Release|x86 = Release|x86
	EndGlobalSection
	GlobalSection(ProjectConfigurationPlatforms) = postSolution
		{2AD7838A-0C8B-4F70-8302-4590728C8523}.Debug|Any CPU.ActiveCfg = Debug|Any CPU
		{2AD7838A-0C8B-4F70-8302-4590728C8523}.Debug|Any CPU.Build.0 = Debug|Any CPU
		{2AD7838A-0C8B-4F70-8302-4590728C8523}.Debug|x86.ActiveCfg = Debug|x86
		{2AD7838A-0C8B-4F70-8302-4590728C8523}.Debug|x86.Build.0 = Debug|x86
		{2AD7838A-0C8B-4F70-8302-4590728C8523}.Release|Any CPU.ActiveCfg = Release|Any CPU
		{2AD7838A-0C8B-4F70-8302-4590728C8523}.Release|Any CPU.Build.0 = Release|Any CPU
		{2AD7838A-0C8B-4F70-8302-4590728C8523}.Release|x86.ActiveCfg = Release|x86
		{2AD7838A-0C8B-4F70-8302-4590728C8523}.Release|x86.Build.0 = Release|x86
		{E9E59F58-F2B7-43BE-A80C-30135FED1240}.Debug|Any CPU.ActiveCfg = Debug|Any CPU
		{E9E59F58-F2B7-43BE-A80C-30135FED1240}.Debug|Any CPU.Build.0 = Debug|Any CPU
		{E9E59F58-F2B7-43BE-A80C-30135FED1240}.Debug|x86.ActiveCfg = Debug|Any CPU
		{E9E59F58-F2B7-43BE-A80C-30135FED1240}.Release|Any CPU.ActiveCfg = Release|Any CPU
		{E9E59F58-F2B7-43BE-A80C-30135FED1240}.Release|Any CPU.Build.0 = Release|Any CPU
		{E9E59F58-F2B7-43BE-A80C-30135FED1240}.Release|x86.ActiveCfg = Release|Any CPU
		{2E7243EF-562B-4FD6-B8D8-4005E0B9D433}.Debug|Any CPU.ActiveCfg = Debug|Any CPU
		{2E7243EF-562B-4FD6-B8D8-4005E0B9D433}.Debug|Any CPU.Build.0 = Debug|Any CPU
		{2E7243EF-562B-4FD6-B8D8-4005E0B9D433}.Debug|x86.ActiveCfg = Debug|Any CPU
		{2E7243EF-562B-4FD6-B8D8-4005E0B9D433}.Release|Any CPU.ActiveCfg = Release|Any CPU
		{2E7243EF-562B-4FD6-B8D8-4005E0B9D433}.Release|Any CPU.Build.0 = Release|Any CPU
		{2E7243EF-562B-4FD6-B8D8-4005E0B9D433}.Release|x86.ActiveCfg = Release|Any CPU
		{A87C54E7-143A-4162-94A3-82525DA08D2D}.Debug|Any CPU.ActiveCfg = Debug|Any CPU
		{A87C54E7-143A-4162-94A3-82525DA08D2D}.Debug|Any CPU.Build.0 = Debug|Any CPU
		{A87C54E7-143A-4162-94A3-82525DA08D2D}.Debug|x86.ActiveCfg = Debug|Any CPU
		{A87C54E7-143A-4162-94A3-82525DA08D2D}.Release|Any CPU.ActiveCfg = Release|Any CPU
		{A87C54E7-143A-4162-94A3-82525DA08D2D}.Release|Any CPU.Build.0 = Release|Any CPU
		{A87C54E7-143A-4162-94A3-82525DA08D2D}.Release|x86.ActiveCfg = Release|Any CPU
	EndGlobalSection
	GlobalSection(SolutionProperties) = preSolution
		HideSolutionNode = FALSE
	EndGlobalSection
EndGlobal
